
Microsoft Visual Studio Solution File, Format Version 12.00
# Visual Studio 15
VisualStudioVersion = 15.0.27703.1
MinimumVisualStudioVersion = 10.0.40219.1
Project("{FAE04EC0-301F-11D3-BF4B-00C04F79EFBC}") = "FileSearch", "FileSearch\FileSearch.csproj", "{2FE130DE-8DD3-4803-B2C7-03695C86CAE6}"
EndProject
Global
	GlobalSection(SolutionConfigurationPlatforms) = preSolution
		Debug|Any CPU = Debug|Any CPU
		Release|Any CPU = Release|Any CPU
	EndGlobalSection
	GlobalSection(ProjectConfigurationPlatforms) = postSolution
		{2FE130DE-8DD3-4803-B2C7-03695C86CAE6}.Debug|Any CPU.ActiveCfg = Debug|Any CPU
		{2FE130DE-8DD3-4803-B2C7-03695C86CAE6}.Debug|Any CPU.Build.0 = Debug|Any CPU
		{2FE130DE-8DD3-4803-B2C7-03695C86CAE6}.Release|Any CPU.ActiveCfg = Release|Any CPU
		{2FE130DE-8DD3-4803-B2C7-03695C86CAE6}.Release|Any CPU.Build.0 = Release|Any CPU
	EndGlobalSection
	GlobalSection(SolutionProperties) = preSolution
		HideSolutionNode = FALSE
	EndGlobalSection
	GlobalSection(ExtensibilityGlobals) = postSolution
		SolutionGuid = {E67AC38B-2E2B-420C-BBE9-B5DBB1E655CF}
	EndGlobalSection
EndGlobal
